
Microsoft Visual Studio Solution File, Format Version 12.00
# Visual Studio 14
VisualStudioVersion = 14.0.25420.1
MinimumVisualStudioVersion = 10.0.40219.1
Project("{FAE04EC0-301F-11D3-BF4B-00C04F79EFBC}") = "Fcop", "Source\Fcop\Fcop.csproj", "{EFE7F8CB-0254-450A-BB02-85EEF1AFF76D}"
EndProject
Project("{FAE04EC0-301F-11D3-BF4B-00C04F79EFBC}") = "Fcop.Core", "Source\Fcop.Core\Fcop.Core.csproj", "{AA801B56-8112-437E-B8D0-CA6A2021AD01}"
EndProject
Global
	GlobalSection(SolutionConfigurationPlatforms) = preSolution
		Debug|Any CPU = Debug|Any CPU
		Release|Any CPU = Release|Any CPU
	EndGlobalSection
	GlobalSection(ProjectConfigurationPlatforms) = postSolution
		{EFE7F8CB-0254-450A-BB02-85EEF1AFF76D}.Debug|Any CPU.ActiveCfg = Debug|Any CPU
		{EFE7F8CB-0254-450A-BB02-85EEF1AFF76D}.Debug|Any CPU.Build.0 = Debug|Any CPU
		{EFE7F8CB-0254-450A-BB02-85EEF1AFF76D}.Release|Any CPU.ActiveCfg = Release|Any CPU
		{EFE7F8CB-0254-450A-BB02-85EEF1AFF76D}.Release|Any CPU.Build.0 = Release|Any CPU
		{AA801B56-8112-437E-B8D0-CA6A2021AD01}.Debug|Any CPU.ActiveCfg = Debug|Any CPU
		{AA801B56-8112-437E-B8D0-CA6A2021AD01}.Debug|Any CPU.Build.0 = Debug|Any CPU
		{AA801B56-8112-437E-B8D0-CA6A2021AD01}.Release|Any CPU.ActiveCfg = Release|Any CPU
		{AA801B56-8112-437E-B8D0-CA6A2021AD01}.Release|Any CPU.Build.0 = Release|Any CPU
	EndGlobalSection
	GlobalSection(SolutionProperties) = preSolution
		HideSolutionNode = FALSE
	EndGlobalSection
EndGlobal
